
Microsoft Visual Studio Solution File, Format Version 12.00
# Visual Studio Version 16
VisualStudioVersion = 16.0.30204.135
MinimumVisualStudioVersion = 10.0.40219.1
Project("{FAE04EC0-301F-11D3-BF4B-00C04F79EFBC}") = "BlazorTechfestServer", "BlazorTechfestServer\BlazorTechfestServer.csproj", "{D79EF181-4795-4008-A2C1-4715A32257AB}"
EndProject
Global
	GlobalSection(SolutionConfigurationPlatforms) = preSolution
		Debug|Any CPU = Debug|Any CPU
		Release|Any CPU = Release|Any CPU
	EndGlobalSection
	GlobalSection(ProjectConfigurationPlatforms) = postSolution
		{D79EF181-4795-4008-A2C1-4715A32257AB}.Debug|Any CPU.ActiveCfg = Debug|Any CPU
		{D79EF181-4795-4008-A2C1-4715A32257AB}.Debug|Any CPU.Build.0 = Debug|Any CPU
		{D79EF181-4795-4008-A2C1-4715A32257AB}.Release|Any CPU.ActiveCfg = Release|Any CPU
		{D79EF181-4795-4008-A2C1-4715A32257AB}.Release|Any CPU.Build.0 = Release|Any CPU
	EndGlobalSection
	GlobalSection(SolutionProperties) = preSolution
		HideSolutionNode = FALSE
	EndGlobalSection
	GlobalSection(ExtensibilityGlobals) = postSolution
		SolutionGuid = {58CE25B2-78B5-431B-A128-D1CE51702B83}
	EndGlobalSection
EndGlobal
